// !$*UTF8*$!
{
	archiveVersion = 1;
	classes = {
	};
	objectVersion = 46;
	objects = {

/* Begin PBXBuildFile section */
		84E94262188536D500BFACED /* Foundation.framework in Frameworks */ = {isa = PBXBuildFile; fileRef = 84E94261188536D500BFACED /* Foundation.framework */; };
		84E94264188536D500BFACED /* CoreGraphics.framework in Frameworks */ = {isa = PBXBuildFile; fileRef = 84E94263188536D500BFACED /* CoreGraphics.framework */; };
		84E94266188536D500BFACED /* UIKit.framework in Frameworks */ = {isa = PBXBuildFile; fileRef = 84E94265188536D500BFACED /* UIKit.framework */; };
		84E9426C188536D500BFACED /* InfoPlist.strings in Resources */ = {isa = PBXBuildFile; fileRef = 84E9426A188536D500BFACED /* InfoPlist.strings */; };
		84E9426E188536D500BFACED /* main.m in Sources */ = {isa = PBXBuildFile; fileRef = 84E9426D188536D500BFACED /* main.m */; };
		84E94272188536D500BFACED /* AppDelegate.m in Sources */ = {isa = PBXBuildFile; fileRef = 84E94271188536D500BFACED /* AppDelegate.m */; };
		84E94275188536D500BFACED /* Main.storyboard in Resources */ = {isa = PBXBuildFile; fileRef = 84E94273188536D500BFACED /* Main.storyboard */; };
		84E94278188536D500BFACED /* MasterViewController.m in Sources */ = {isa = PBXBuildFile; fileRef = 84E94277188536D500BFACED /* MasterViewController.m */; };
		84E9427B188536D500BFACED /* DetailViewController.m in Sources */ = {isa = PBXBuildFile; fileRef = 84E9427A188536D500BFACED /* DetailViewController.m */; };
		84E9427D188536D500BFACED /* Images.xcassets in Resources */ = {isa = PBXBuildFile; fileRef = 84E9427C188536D500BFACED /* Images.xcassets */; };
		84E94284188536D500BFACED /* XCTest.framework in Frameworks */ = {isa = PBXBuildFile; fileRef = 84E94283188536D500BFACED /* XCTest.framework */; };
		84E94285188536D500BFACED /* Foundation.framework in Frameworks */ = {isa = PBXBuildFile; fileRef = 84E94261188536D500BFACED /* Foundation.framework */; };
		84E94286188536D500BFACED /* UIKit.framework in Frameworks */ = {isa = PBXBuildFile; fileRef = 84E94265188536D500BFACED /* UIKit.framework */; };
		84E9428E188536D500BFACED /* InfoPlist.strings in Resources */ = {isa = PBXBuildFile; fileRef = 84E9428C188536D500BFACED /* InfoPlist.strings */; };
		84E94290188536D500BFACED /* wheely_testTests.m in Sources */ = {isa = PBXBuildFile; fileRef = 84E9428F188536D500BFACED /* wheely_testTests.m */; };
		84E942A1188547F600BFACED /* ServerCommunication.m in Sources */ = {isa = PBXBuildFile; fileRef = 84E942A0188547F600BFACED /* ServerCommunication.m */; };
		84E942A418854B4300BFACED /* Note.m in Sources */ = {isa = PBXBuildFile; fileRef = 84E942A318854B4300BFACED /* Note.m */; };
		84E942B018854C3700BFACED /* InfoPlist.strings in Resources */ = {isa = PBXBuildFile; fileRef = 84E942A918854C3700BFACED /* InfoPlist.strings */; };
		84E942B118854C3700BFACED /* InfoPlist.strings in Resources */ = {isa = PBXBuildFile; fileRef = 84E942AC18854C3700BFACED /* InfoPlist.strings */; };
		84E942B518854C5E00BFACED /* Localizable.strings in Resources */ = {isa = PBXBuildFile; fileRef = 84E942B318854C5E00BFACED /* Localizable.strings */; };
		84E942B818854C7700BFACED /* Localizable.strings in Resources */ = {isa = PBXBuildFile; fileRef = 84E942B618854C7700BFACED /* Localizable.strings */; };
		84E942BB18854D2B00BFACED /* NoteCell.m in Sources */ = {isa = PBXBuildFile; fileRef = 84E942BA18854D2B00BFACED /* NoteCell.m */; };
		84E942CF18854EAD00BFACED /* MultilineLabel.m in Sources */ = {isa = PBXBuildFile; fileRef = 84E942BE18854EAD00BFACED /* MultilineLabel.m */; };
		84E942D018854EAD00BFACED /* NSDictionary+HttpTools.m in Sources */ = {isa = PBXBuildFile; fileRef = 84E942C018854EAD00BFACED /* NSDictionary+HttpTools.m */; };
		84E942D118854EAD00BFACED /* NSError+Tools.m in Sources */ = {isa = PBXBuildFile; fileRef = 84E942C218854EAD00BFACED /* NSError+Tools.m */; };
		84E942D218854EAD00BFACED /* NSString+Tools.m in Sources */ = {isa = PBXBuildFile; fileRef = 84E942C418854EAD00BFACED /* NSString+Tools.m */; };
		84E942D318854EAD00BFACED /* NSURL+Tools.m in Sources */ = {isa = PBXBuildFile; fileRef = 84E942C618854EAD00BFACED /* NSURL+Tools.m */; };
		84E942D418854EAD00BFACED /* UIButton+Animator.m in Sources */ = {isa = PBXBuildFile; fileRef = 84E942C818854EAD00BFACED /* UIButton+Animator.m */; };
		84E942D518854EAD00BFACED /* UITextField+Tools.m in Sources */ = {isa = PBXBuildFile; fileRef = 84E942CA18854EAD00BFACED /* UITextField+Tools.m */; };
		84E942D618854EAD00BFACED /* UIView+Animator.m in Sources */ = {isa = PBXBuildFile; fileRef = 84E942CC18854EAD00BFACED /* UIView+Animator.m */; };
		84E942D718854EAD00BFACED /* UIViewController+TopBarAndBottomBarSpacing.m in Sources */ = {isa = PBXBuildFile; fileRef = 84E942CE18854EAD00BFACED /* UIViewController+TopBarAndBottomBarSpacing.m */; };
		84E942DE1885D3BA00BFACED /* README.md in Resources */ = {isa = PBXBuildFile; fileRef = 84E942DD1885D3BA00BFACED /* README.md */; };
		84E942E418867CF100BFACED /* NSArray+Extensions.m in Sources */ = {isa = PBXBuildFile; fileRef = 84E942E318867CF100BFACED /* NSArray+Extensions.m */; };
		84E942E61886BC6B00BFACED /* description.pdf in Resources */ = {isa = PBXBuildFile; fileRef = 84E942E51886BC6B00BFACED /* description.pdf */; };
		84E942E9188E858D00BFACED /* UIView+IBAppearance.m in Sources */ = {isa = PBXBuildFile; fileRef = 84E942E8188E858D00BFACED /* UIView+IBAppearance.m */; };
/* End PBXBuildFile section */

/* Begin PBXContainerItemProxy section */
		84E94287188536D500BFACED /* PBXContainerItemProxy */ = {
			isa = PBXContainerItemProxy;
			containerPortal = 84E94256188536D500BFACED /* Project object */;
			proxyType = 1;
			remoteGlobalIDString = 84E9425D188536D500BFACED;
			remoteInfo = "wheely-test";
		};
/* End PBXContainerItemProxy section */

/* Begin PBXFileReference section */
		84E9425E188536D500BFACED /* wheely-test.app */ = {isa = PBXFileReference; explicitFileType = wrapper.application; includeInIndex = 0; path = "wheely-test.app"; sourceTree = BUILT_PRODUCTS_DIR; };
		84E94261188536D500BFACED /* Foundation.framework */ = {isa = PBXFileReference; lastKnownFileType = wrapper.framework; name = Foundation.framework; path = System/Library/Frameworks/Foundation.framework; sourceTree = SDKROOT; };
		84E94263188536D500BFACED /* CoreGraphics.framework */ = {isa = PBXFileReference; lastKnownFileType = wrapper.framework; name = CoreGraphics.framework; path = System/Library/Frameworks/CoreGraphics.framework; sourceTree = SDKROOT; };
		84E94265188536D500BFACED /* UIKit.framework */ = {isa = PBXFileReference; lastKnownFileType = wrapper.framework; name = UIKit.framework; path = System/Library/Frameworks/UIKit.framework; sourceTree = SDKROOT; };
		84E94269188536D500BFACED /* wheely-test-Info.plist */ = {isa = PBXFileReference; lastKnownFileType = text.plist.xml; path = "wheely-test-Info.plist"; sourceTree = "<group>"; };
		84E9426B188536D500BFACED /* en */ = {isa = PBXFileReference; lastKnownFileType = text.plist.strings; name = en; path = en.lproj/InfoPlist.strings; sourceTree = "<group>"; };
		84E9426D188536D500BFACED /* main.m */ = {isa = PBXFileReference; lastKnownFileType = sourcecode.c.objc; path = main.m; sourceTree = "<group>"; };
		84E9426F188536D500BFACED /* wheely-test-Prefix.pch */ = {isa = PBXFileReference; lastKnownFileType = sourcecode.c.h; path = "wheely-test-Prefix.pch"; sourceTree = "<group>"; };
		84E94270188536D500BFACED /* AppDelegate.h */ = {isa = PBXFileReference; lastKnownFileType = sourcecode.c.h; path = AppDelegate.h; sourceTree = "<group>"; };
		84E94271188536D500BFACED /* AppDelegate.m */ = {isa = PBXFileReference; lastKnownFileType = sourcecode.c.objc; path = AppDelegate.m; sourceTree = "<group>"; };
		84E94274188536D500BFACED /* Base */ = {isa = PBXFileReference; lastKnownFileType = file.storyboard; name = Base; path = Base.lproj/Main.storyboard; sourceTree = "<group>"; };
		84E94276188536D500BFACED /* MasterViewController.h */ = {isa = PBXFileReference; lastKnownFileType = sourcecode.c.h; path = MasterViewController.h; sourceTree = "<group>"; };
		84E94277188536D500BFACED /* MasterViewController.m */ = {isa = PBXFileReference; lastKnownFileType = sourcecode.c.objc; path = MasterViewController.m; sourceTree = "<group>"; };
		84E94279188536D500BFACED /* DetailViewController.h */ = {isa = PBXFileReference; lastKnownFileType = sourcecode.c.h; path = DetailViewController.h; sourceTree = "<group>"; };
		84E9427A188536D500BFACED /* DetailViewController.m */ = {isa = PBXFileReference; lastKnownFileType = sourcecode.c.objc; path = DetailViewController.m; sourceTree = "<group>"; };
		84E9427C188536D500BFACED /* Images.xcassets */ = {isa = PBXFileReference; lastKnownFileType = folder.assetcatalog; path = Images.xcassets; sourceTree = "<group>"; };
		84E94282188536D500BFACED /* wheely-testTests.xctest */ = {isa = PBXFileReference; explicitFileType = wrapper.cfbundle; includeInIndex = 0; path = "wheely-testTests.xctest"; sourceTree = BUILT_PRODUCTS_DIR; };
		84E94283188536D500BFACED /* XCTest.framework */ = {isa = PBXFileReference; lastKnownFileType = wrapper.framework; name = XCTest.framework; path = Library/Frameworks/XCTest.framework; sourceTree = DEVELOPER_DIR; };
		84E9428B188536D500BFACED /* wheely-testTests-Info.plist */ = {isa = PBXFileReference; lastKnownFileType = text.plist.xml; path = "wheely-testTests-Info.plist"; sourceTree = "<group>"; };
		84E9428D188536D500BFACED /* en */ = {isa = PBXFileReference; lastKnownFileType = text.plist.strings; name = en; path = en.lproj/InfoPlist.strings; sourceTree = "<group>"; };
		84E9428F188536D500BFACED /* wheely_testTests.m */ = {isa = PBXFileReference; lastKnownFileType = sourcecode.c.objc; path = wheely_testTests.m; sourceTree = "<group>"; };
		84E9429F188547F600BFACED /* ServerCommunication.h */ = {isa = PBXFileReference; fileEncoding = 4; lastKnownFileType = sourcecode.c.h; path = ServerCommunication.h; sourceTree = "<group>"; };
		84E942A0188547F600BFACED /* ServerCommunication.m */ = {isa = PBXFileReference; fileEncoding = 4; lastKnownFileType = sourcecode.c.objc; path = ServerCommunication.m; sourceTree = "<group>"; };
		84E942A218854B4300BFACED /* Note.h */ = {isa = PBXFileReference; fileEncoding = 4; lastKnownFileType = sourcecode.c.h; path = Note.h; sourceTree = "<group>"; };
		84E942A318854B4300BFACED /* Note.m */ = {isa = PBXFileReference; fileEncoding = 4; lastKnownFileType = sourcecode.c.objc; path = Note.m; sourceTree = "<group>"; };
		84E942A518854C2C00BFACED /* ru */ = {isa = PBXFileReference; lastKnownFileType = text.plist.strings; name = ru; path = ru.lproj/Main.strings; sourceTree = "<group>"; };
		84E942A618854C2C00BFACED /* ru */ = {isa = PBXFileReference; lastKnownFileType = text.plist.strings; name = ru; path = ru.lproj/InfoPlist.strings; sourceTree = "<group>"; };
		84E942A718854C2C00BFACED /* ru */ = {isa = PBXFileReference; lastKnownFileType = text.plist.strings; name = ru; path = ru.lproj/InfoPlist.strings; sourceTree = "<group>"; };
		84E942AA18854C3700BFACED /* en */ = {isa = PBXFileReference; lastKnownFileType = text.plist.strings; name = en; path = InfoPlist.strings; sourceTree = "<group>"; };
		84E942AD18854C3700BFACED /* ru */ = {isa = PBXFileReference; lastKnownFileType = text.plist.strings; name = ru; path = InfoPlist.strings; sourceTree = "<group>"; };
		84E942B418854C5E00BFACED /* ru */ = {isa = PBXFileReference; lastKnownFileType = text.plist.strings; name = ru; path = Localizable.strings; sourceTree = "<group>"; };
		84E942B718854C7700BFACED /* en */ = {isa = PBXFileReference; lastKnownFileType = text.plist.strings; name = en; path = Localizable.strings; sourceTree = "<group>"; };
		84E942B918854D2B00BFACED /* NoteCell.h */ = {isa = PBXFileReference; fileEncoding = 4; lastKnownFileType = sourcecode.c.h; path = NoteCell.h; sourceTree = "<group>"; };
		84E942BA18854D2B00BFACED /* NoteCell.m */ = {isa = PBXFileReference; fileEncoding = 4; lastKnownFileType = sourcecode.c.objc; path = NoteCell.m; sourceTree = "<group>"; };
		84E942BD18854EAD00BFACED /* MultilineLabel.h */ = {isa = PBXFileReference; fileEncoding = 4; lastKnownFileType = sourcecode.c.h; path = MultilineLabel.h; sourceTree = "<group>"; };
		84E942BE18854EAD00BFACED /* MultilineLabel.m */ = {isa = PBXFileReference; fileEncoding = 4; lastKnownFileType = sourcecode.c.objc; path = MultilineLabel.m; sourceTree = "<group>"; };
		84E942BF18854EAD00BFACED /* NSDictionary+HttpTools.h */ = {isa = PBXFileReference; fileEncoding = 4; lastKnownFileType = sourcecode.c.h; path = "NSDictionary+HttpTools.h"; sourceTree = "<group>"; };
		84E942C018854EAD00BFACED /* NSDictionary+HttpTools.m */ = {isa = PBXFileReference; fileEncoding = 4; lastKnownFileType = sourcecode.c.objc; path = "NSDictionary+HttpTools.m"; sourceTree = "<group>"; };
		84E942C118854EAD00BFACED /* NSError+Tools.h */ = {isa = PBXFileReference; fileEncoding = 4; lastKnownFileType = sourcecode.c.h; path = "NSError+Tools.h"; sourceTree = "<group>"; };
		84E942C218854EAD00BFACED /* NSError+Tools.m */ = {isa = PBXFileReference; fileEncoding = 4; lastKnownFileType = sourcecode.c.objc; path = "NSError+Tools.m"; sourceTree = "<group>"; };
		84E942C318854EAD00BFACED /* NSString+Tools.h */ = {isa = PBXFileReference; fileEncoding = 4; lastKnownFileType = sourcecode.c.h; path = "NSString+Tools.h"; sourceTree = "<group>"; };
		84E942C418854EAD00BFACED /* NSString+Tools.m */ = {isa = PBXFileReference; fileEncoding = 4; lastKnownFileType = sourcecode.c.objc; path = "NSString+Tools.m"; sourceTree = "<group>"; };
		84E942C518854EAD00BFACED /* NSURL+Tools.h */ = {isa = PBXFileReference; fileEncoding = 4; lastKnownFileType = sourcecode.c.h; path = "NSURL+Tools.h"; sourceTree = "<group>"; };
		84E942C618854EAD00BFACED /* NSURL+Tools.m */ = {isa = PBXFileReference; fileEncoding = 4; lastKnownFileType = sourcecode.c.objc; path = "NSURL+Tools.m"; sourceTree = "<group>"; };
		84E942C718854EAD00BFACED /* UIButton+Animator.h */ = {isa = PBXFileReference; fileEncoding = 4; lastKnownFileType = sourcecode.c.h; path = "UIButton+Animator.h"; sourceTree = "<group>"; };
		84E942C818854EAD00BFACED /* UIButton+Animator.m */ = {isa = PBXFileReference; fileEncoding = 4; lastKnownFileType = sourcecode.c.objc; path = "UIButton+Animator.m"; sourceTree = "<group>"; };
		84E942C918854EAD00BFACED /* UITextField+Tools.h */ = {isa = PBXFileReference; fileEncoding = 4; lastKnownFileType = sourcecode.c.h; path = "UITextField+Tools.h"; sourceTree = "<group>"; };
		84E942CA18854EAD00BFACED /* UITextField+Tools.m */ = {isa = PBXFileReference; fileEncoding = 4; lastKnownFileType = sourcecode.c.objc; path = "UITextField+Tools.m"; sourceTree = "<group>"; };
		84E942CB18854EAD00BFACED /* UIView+Animator.h */ = {isa = PBXFileReference; fileEncoding = 4; lastKnownFileType = sourcecode.c.h; path = "UIView+Animator.h"; sourceTree = "<group>"; };
		84E942CC18854EAD00BFACED /* UIView+Animator.m */ = {isa = PBXFileReference; fileEncoding = 4; lastKnownFileType = sourcecode.c.objc; path = "UIView+Animator.m"; sourceTree = "<group>"; };
		84E942CD18854EAD00BFACED /* UIViewController+TopBarAndBottomBarSpacing.h */ = {isa = PBXFileReference; fileEncoding = 4; lastKnownFileType = sourcecode.c.h; path = "UIViewController+TopBarAndBottomBarSpacing.h"; sourceTree = "<group>"; };
		84E942CE18854EAD00BFACED /* UIViewController+TopBarAndBottomBarSpacing.m */ = {isa = PBXFileReference; fileEncoding = 4; lastKnownFileType = sourcecode.c.objc; path = "UIViewController+TopBarAndBottomBarSpacing.m"; sourceTree = "<group>"; };
		84E942D91885AF5800BFACED /* en */ = {isa = PBXFileReference; lastKnownFileType = text.plist.strings; name = en; path = en.lproj/Main.strings; sourceTree = "<group>"; };
		84E942DD1885D3BA00BFACED /* README.md */ = {isa = PBXFileReference; fileEncoding = 4; lastKnownFileType = text; path = README.md; sourceTree = "<group>"; };
		84E942E218867CF100BFACED /* NSArray+Extensions.h */ = {isa = PBXFileReference; fileEncoding = 4; lastKnownFileType = sourcecode.c.h; path = "NSArray+Extensions.h"; sourceTree = "<group>"; };
		84E942E318867CF100BFACED /* NSArray+Extensions.m */ = {isa = PBXFileReference; fileEncoding = 4; lastKnownFileType = sourcecode.c.objc; path = "NSArray+Extensions.m"; sourceTree = "<group>"; };
		84E942E51886BC6B00BFACED /* description.pdf */ = {isa = PBXFileReference; lastKnownFileType = image.pdf; path = description.pdf; sourceTree = "<group>"; };
		84E942E7188E858D00BFACED /* UIView+IBAppearance.h */ = {isa = PBXFileReference; fileEncoding = 4; lastKnownFileType = sourcecode.c.h; path = "UIView+IBAppearance.h"; sourceTree = "<group>"; };
		84E942E8188E858D00BFACED /* UIView+IBAppearance.m */ = {isa = PBXFileReference; fileEncoding = 4; lastKnownFileType = sourcecode.c.objc; path = "UIView+IBAppearance.m"; sourceTree = "<group>"; };
/* End PBXFileReference section */

/* Begin PBXFrameworksBuildPhase section */
		84E9425B188536D500BFACED /* Frameworks */ = {
			isa = PBXFrameworksBuildPhase;
			buildActionMask = 2147483647;
			files = (
				84E94264188536D500BFACED /* CoreGraphics.framework in Frameworks */,
				84E94266188536D500BFACED /* UIKit.framework in Frameworks */,
				84E94262188536D500BFACED /* Foundation.framework in Frameworks */,
			);
			runOnlyForDeploymentPostprocessing = 0;
		};
		84E9427F188536D500BFACED /* Frameworks */ = {
			isa = PBXFrameworksBuildPhase;
			buildActionMask = 2147483647;
			files = (
				84E94284188536D500BFACED /* XCTest.framework in Frameworks */,
				84E94286188536D500BFACED /* UIKit.framework in Frameworks */,
				84E94285188536D500BFACED /* Foundation.framework in Frameworks */,
			);
			runOnlyForDeploymentPostprocessing = 0;
		};
/* End PBXFrameworksBuildPhase section */

/* Begin PBXGroup section */
		84E94255188536D500BFACED = {
			isa = PBXGroup;
			children = (
				84E942E51886BC6B00BFACED /* description.pdf */,
				84E942DD1885D3BA00BFACED /* README.md */,
				84E94267188536D500BFACED /* wheely-test */,
				84E94289188536D500BFACED /* wheely-testTests */,
				84E94260188536D500BFACED /* Frameworks */,
				84E9425F188536D500BFACED /* Products */,
			);
			sourceTree = "<group>";
		};
		84E9425F188536D500BFACED /* Products */ = {
			isa = PBXGroup;
			children = (
				84E9425E188536D500BFACED /* wheely-test.app */,
				84E94282188536D500BFACED /* wheely-testTests.xctest */,
			);
			name = Products;
			sourceTree = "<group>";
		};
		84E94260188536D500BFACED /* Frameworks */ = {
			isa = PBXGroup;
			children = (
				84E94261188536D500BFACED /* Foundation.framework */,
				84E94263188536D500BFACED /* CoreGraphics.framework */,
				84E94265188536D500BFACED /* UIKit.framework */,
				84E94283188536D500BFACED /* XCTest.framework */,
			);
			name = Frameworks;
			sourceTree = "<group>";
		};
		84E94267188536D500BFACED /* wheely-test */ = {
			isa = PBXGroup;
			children = (
				84E94273188536D500BFACED /* Main.storyboard */,
				84E94270188536D500BFACED /* AppDelegate.h */,
				84E94271188536D500BFACED /* AppDelegate.m */,
				84E94276188536D500BFACED /* MasterViewController.h */,
				84E94277188536D500BFACED /* MasterViewController.m */,
				84E94279188536D500BFACED /* DetailViewController.h */,
				84E9427A188536D500BFACED /* DetailViewController.m */,
				84E9429F188547F600BFACED /* ServerCommunication.h */,
				84E942A0188547F600BFACED /* ServerCommunication.m */,
				84E942A218854B4300BFACED /* Note.h */,
				84E942A318854B4300BFACED /* Note.m */,
				84E942B918854D2B00BFACED /* NoteCell.h */,
				84E942BA18854D2B00BFACED /* NoteCell.m */,
				84E942BC18854EAD00BFACED /* extension */,
				84E9427C188536D500BFACED /* Images.xcassets */,
				84E942A818854C3700BFACED /* en.lproj */,
				84E942AB18854C3700BFACED /* ru.lproj */,
				84E94268188536D500BFACED /* Supporting Files */,
			);
			path = "wheely-test";
			sourceTree = "<group>";
		};
		84E94268188536D500BFACED /* Supporting Files */ = {
			isa = PBXGroup;
			children = (
				84E94269188536D500BFACED /* wheely-test-Info.plist */,
				84E9426A188536D500BFACED /* InfoPlist.strings */,
				84E9426D188536D500BFACED /* main.m */,
				84E9426F188536D500BFACED /* wheely-test-Prefix.pch */,
			);
			name = "Supporting Files";
			sourceTree = "<group>";
		};
		84E94289188536D500BFACED /* wheely-testTests */ = {
			isa = PBXGroup;
			children = (
				84E9428F188536D500BFACED /* wheely_testTests.m */,
				84E9428A188536D500BFACED /* Supporting Files */,
			);
			path = "wheely-testTests";
			sourceTree = "<group>";
		};
		84E9428A188536D500BFACED /* Supporting Files */ = {
			isa = PBXGroup;
			children = (
				84E9428B188536D500BFACED /* wheely-testTests-Info.plist */,
				84E9428C188536D500BFACED /* InfoPlist.strings */,
			);
			name = "Supporting Files";
			sourceTree = "<group>";
		};
		84E942A818854C3700BFACED /* en.lproj */ = {
			isa = PBXGroup;
			children = (
				84E942A918854C3700BFACED /* InfoPlist.strings */,
				84E942B618854C7700BFACED /* Localizable.strings */,
			);
			path = en.lproj;
			sourceTree = "<group>";
		};
		84E942AB18854C3700BFACED /* ru.lproj */ = {
			isa = PBXGroup;
			children = (
				84E942AC18854C3700BFACED /* InfoPlist.strings */,
				84E942B318854C5E00BFACED /* Localizable.strings */,
			);
			path = ru.lproj;
			sourceTree = "<group>";
		};
		84E942BC18854EAD00BFACED /* extension */ = {
			isa = PBXGroup;
			children = (
				84E942BD18854EAD00BFACED /* MultilineLabel.h */,
				84E942BE18854EAD00BFACED /* MultilineLabel.m */,
				84E942BF18854EAD00BFACED /* NSDictionary+HttpTools.h */,
				84E942C018854EAD00BFACED /* NSDictionary+HttpTools.m */,
				84E942C118854EAD00BFACED /* NSError+Tools.h */,
				84E942C218854EAD00BFACED /* NSError+Tools.m */,
				84E942C318854EAD00BFACED /* NSString+Tools.h */,
				84E942C418854EAD00BFACED /* NSString+Tools.m */,
				84E942C518854EAD00BFACED /* NSURL+Tools.h */,
				84E942C618854EAD00BFACED /* NSURL+Tools.m */,
				84E942C718854EAD00BFACED /* UIButton+Animator.h */,
				84E942C818854EAD00BFACED /* UIButton+Animator.m */,
				84E942C918854EAD00BFACED /* UITextField+Tools.h */,
				84E942CA18854EAD00BFACED /* UITextField+Tools.m */,
				84E942CB18854EAD00BFACED /* UIView+Animator.h */,
				84E942CC18854EAD00BFACED /* UIView+Animator.m */,
				84E942CD18854EAD00BFACED /* UIViewController+TopBarAndBottomBarSpacing.h */,
				84E942CE18854EAD00BFACED /* UIViewController+TopBarAndBottomBarSpacing.m */,
				84E942E218867CF100BFACED /* NSArray+Extensions.h */,
				84E942E318867CF100BFACED /* NSArray+Extensions.m */,
				84E942E7188E858D00BFACED /* UIView+IBAppearance.h */,
				84E942E8188E858D00BFACED /* UIView+IBAppearance.m */,
			);
			path = extension;
			sourceTree = "<group>";
		};
/* End PBXGroup section */

/* Begin PBXNativeTarget section */
		84E9425D188536D500BFACED /* wheely-test */ = {
			isa = PBXNativeTarget;
			buildConfigurationList = 84E94293188536D500BFACED /* Build configuration list for PBXNativeTarget "wheely-test" */;
			buildPhases = (
				84E9425A188536D500BFACED /* Sources */,
				84E9425B188536D500BFACED /* Frameworks */,
				84E9425C188536D500BFACED /* Resources */,
				84E942D81885AF3100BFACED /* ShellScript */,
			);
			buildRules = (
			);
			dependencies = (
			);
			name = "wheely-test";
			productName = "wheely-test";
			productReference = 84E9425E188536D500BFACED /* wheely-test.app */;
			productType = "com.apple.product-type.application";
		};
		84E94281188536D500BFACED /* wheely-testTests */ = {
			isa = PBXNativeTarget;
			buildConfigurationList = 84E94296188536D500BFACED /* Build configuration list for PBXNativeTarget "wheely-testTests" */;
			buildPhases = (
				84E9427E188536D500BFACED /* Sources */,
				84E9427F188536D500BFACED /* Frameworks */,
				84E94280188536D500BFACED /* Resources */,
			);
			buildRules = (
			);
			dependencies = (
				84E94288188536D500BFACED /* PBXTargetDependency */,
			);
			name = "wheely-testTests";
			productName = "wheely-testTests";
			productReference = 84E94282188536D500BFACED /* wheely-testTests.xctest */;
			productType = "com.apple.product-type.bundle.unit-test";
		};
/* End PBXNativeTarget section */

/* Begin PBXProject section */
		84E94256188536D500BFACED /* Project object */ = {
			isa = PBXProject;
			attributes = {
				LastUpgradeCheck = 0500;
				ORGANIZATIONNAME = kuchumovn;
				TargetAttributes = {
					84E94281188536D500BFACED = {
						TestTargetID = 84E9425D188536D500BFACED;
					};
				};
			};
			buildConfigurationList = 84E94259188536D500BFACED /* Build configuration list for PBXProject "wheely-test" */;
			compatibilityVersion = "Xcode 3.2";
			developmentRegion = English;
			hasScannedForEncodings = 0;
			knownRegions = (
				en,
				Base,
				ru,
			);
			mainGroup = 84E94255188536D500BFACED;
			productRefGroup = 84E9425F188536D500BFACED /* Products */;
			projectDirPath = "";
			projectRoot = "";
			targets = (
				84E9425D188536D500BFACED /* wheely-test */,
				84E94281188536D500BFACED /* wheely-testTests */,
			);
		};
/* End PBXProject section */

/* Begin PBXResourcesBuildPhase section */
		84E9425C188536D500BFACED /* Resources */ = {
			isa = PBXResourcesBuildPhase;
			buildActionMask = 2147483647;
			files = (
				84E9427D188536D500BFACED /* Images.xcassets in Resources */,
				84E942B018854C3700BFACED /* InfoPlist.strings in Resources */,
				84E9426C188536D500BFACED /* InfoPlist.strings in Resources */,
				84E942B518854C5E00BFACED /* Localizable.strings in Resources */,
				84E942B818854C7700BFACED /* Localizable.strings in Resources */,
				84E94275188536D500BFACED /* Main.storyboard in Resources */,
				84E942DE1885D3BA00BFACED /* README.md in Resources */,
				84E942E61886BC6B00BFACED /* description.pdf in Resources */,
				84E942B118854C3700BFACED /* InfoPlist.strings in Resources */,
			);
			runOnlyForDeploymentPostprocessing = 0;
		};
		84E94280188536D500BFACED /* Resources */ = {
			isa = PBXResourcesBuildPhase;
			buildActionMask = 2147483647;
			files = (
				84E9428E188536D500BFACED /* InfoPlist.strings in Resources */,
			);
			runOnlyForDeploymentPostprocessing = 0;
		};
/* End PBXResourcesBuildPhase section */

/* Begin PBXShellScriptBuildPhase section */
		84E942D81885AF3100BFACED /* ShellScript */ = {
			isa = PBXShellScriptBuildPhase;
			buildActionMask = 2147483647;
			files = (
			);
			inputPaths = (
			);
			outputPaths = (
			);
			runOnlyForDeploymentPostprocessing = 0;
			shellPath = /bin/sh;
			shellScript = "#!/bin/sh\n# Update storyboard string files\n#\n# by 2013 André Pinto andredsp@gmail.com\n# based on http://forums.macrumors.com/showthread.php?t=1467446\n\nexit 0\n\nstoryboardExt=\".storyboard\"\nstringsExt=\".strings\"\nnewStringsExt=\".strings.new\"\noldStringsExt=\".strings.old\"\nlocaleDirExt=\".lproj\"\nbaselprojName=\"Base.lproj\"\n\n# Find Base internationalization folders\nfind . -name \"$baselprojName\" | while read baselprojPath\ndo\n# Get Base project dir\nbaselprojDir=$(dirname \"$baselprojPath\")\n\n# Find storyboard file full path inside base project folder\nfind \"$baselprojPath\" -name \"*$storyboardExt\" | while read storyboardPath\ndo\n# Get Base strings file full path\nbaseStringsPath=$(echo \"$storyboardPath\" | sed \"s/$storyboardExt/$stringsExt/\")\n\n# Get storyboard file name and folder\nstoryboardFile=$(basename \"$storyboardPath\")\nstoryboardDir=$(dirname \"$storyboardPath\")\n\n# Create strings file only when storyboard file newer\nnewer=$(find \"$storyboardPath\" -prune -newer \"$baseStringsPath\")\n[ -f \"$baseStringsPath\" -a -z \"$newer\" ] && {\n    echo \"$storyboardFile file not modified.\"\n    continue\n}\n\n# Get New Base strings file full path and strings file name\nnewBaseStringsPath=$(echo \"$storyboardPath\" | sed \"s/$storyboardExt/$newStringsExt/\")\nstringsFile=$(basename \"$baseStringsPath\")\n\necho \"Creating default $stringsFile for $storyboardFile...\"\nibtool --export-strings-file \"$newBaseStringsPath\" \"$storyboardPath\"\niconv -f UTF-16 -t UTF-8 \"$newBaseStringsPath\" > \"$baseStringsPath\"\nrm \"$newBaseStringsPath\"\n\n# Get all locale strings folder with same parent as Base\nls -d \"$baselprojDir/\"*\"$localeDirExt\" | while read localeStringsDir\ndo\n# Skip Base strings folder\n[ \"$localeStringsDir\" = \"$storyboardDir\" ] && continue\n\nlocaleDir=$(basename \"$localeStringsDir\")\nlocaleStringsPath=\"$localeStringsDir/$stringsFile\"\n\n# Just copy base strings file on first time\nif [ ! -e \"$localeStringsPath\" ]; then\necho \"Copying default $stringsFile for $localeDir...\"\ncp \"$baseStringsPath\" \"$localeStringsPath\"\nelse\necho \"Merging $stringsFile changes for $localeDir...\"\noldLocaleStringsPath=$(echo \"$localeStringsPath\" | sed \"s/$stringsExt/$oldStringsExt/\")\ncp \"$localeStringsPath\" \"$oldLocaleStringsPath\"\n\n# Merge baseStringsPath to localeStringsPath\nawk '\nNR == FNR && /^\\/\\*/ {\n    x=$0\n    getline\n    a[x]=$0\n    next\n}\n/^\\/\\*/ {\n    x=$0\n    print\n    getline\n    $0=a[x]?a[x]:$0\n    printf $0\"\\n\\n\"\n}'  \"$oldLocaleStringsPath\" \"$baseStringsPath\" > \"$localeStringsPath\"\n\nrm \"$oldLocaleStringsPath\"\nfi\ndone\ndone\ndone";
		};
/* End PBXShellScriptBuildPhase section */

/* Begin PBXSourcesBuildPhase section */
		84E9425A188536D500BFACED /* Sources */ = {
			isa = PBXSourcesBuildPhase;
			buildActionMask = 2147483647;
			files = (
				84E942A1188547F600BFACED /* ServerCommunication.m in Sources */,
				84E94272188536D500BFACED /* AppDelegate.m in Sources */,
				84E942BB18854D2B00BFACED /* NoteCell.m in Sources */,
				84E94278188536D500BFACED /* MasterViewController.m in Sources */,
				84E942E418867CF100BFACED /* NSArray+Extensions.m in Sources */,
				84E942D318854EAD00BFACED /* NSURL+Tools.m in Sources */,
				84E942D118854EAD00BFACED /* NSError+Tools.m in Sources */,
				84E9426E188536D500BFACED /* main.m in Sources */,
				84E942D718854EAD00BFACED /* UIViewController+TopBarAndBottomBarSpacing.m in Sources */,
				84E942D218854EAD00BFACED /* NSString+Tools.m in Sources */,
				84E942D018854EAD00BFACED /* NSDictionary+HttpTools.m in Sources */,
				84E942D418854EAD00BFACED /* UIButton+Animator.m in Sources */,
				84E942E9188E858D00BFACED /* UIView+IBAppearance.m in Sources */,
				84E942D618854EAD00BFACED /* UIView+Animator.m in Sources */,
				84E9427B188536D500BFACED /* DetailViewController.m in Sources */,
				84E942A418854B4300BFACED /* Note.m in Sources */,
				84E942CF18854EAD00BFACED /* MultilineLabel.m in Sources */,
				84E942D518854EAD00BFACED /* UITextField+Tools.m in Sources */,
			);
			runOnlyForDeploymentPostprocessing = 0;
		};
		84E9427E188536D500BFACED /* Sources */ = {
			isa = PBXSourcesBuildPhase;
			buildActionMask = 2147483647;
			files = (
				84E94290188536D500BFACED /* wheely_testTests.m in Sources */,
			);
			runOnlyForDeploymentPostprocessing = 0;
		};
/* End PBXSourcesBuildPhase section */

/* Begin PBXTargetDependency section */
		84E94288188536D500BFACED /* PBXTargetDependency */ = {
			isa = PBXTargetDependency;
			target = 84E9425D188536D500BFACED /* wheely-test */;
			targetProxy = 84E94287188536D500BFACED /* PBXContainerItemProxy */;
		};
/* End PBXTargetDependency section */

/* Begin PBXVariantGroup section */
		84E9426A188536D500BFACED /* InfoPlist.strings */ = {
			isa = PBXVariantGroup;
			children = (
				84E9426B188536D500BFACED /* en */,
				84E942A618854C2C00BFACED /* ru */,
			);
			name = InfoPlist.strings;
			sourceTree = "<group>";
		};
		84E94273188536D500BFACED /* Main.storyboard */ = {
			isa = PBXVariantGroup;
			children = (
				84E94274188536D500BFACED /* Base */,
				84E942A518854C2C00BFACED /* ru */,
				84E942D91885AF5800BFACED /* en */,
			);
			name = Main.storyboard;
			sourceTree = "<group>";
		};
		84E9428C188536D500BFACED /* InfoPlist.strings */ = {
			isa = PBXVariantGroup;
			children = (
				84E9428D188536D500BFACED /* en */,
				84E942A718854C2C00BFACED /* ru */,
			);
			name = InfoPlist.strings;
			sourceTree = "<group>";
		};
		84E942A918854C3700BFACED /* InfoPlist.strings */ = {
			isa = PBXVariantGroup;
			children = (
				84E942AA18854C3700BFACED /* en */,
			);
			name = InfoPlist.strings;
			sourceTree = "<group>";
		};
		84E942AC18854C3700BFACED /* InfoPlist.strings */ = {
			isa = PBXVariantGroup;
			children = (
				84E942AD18854C3700BFACED /* ru */,
			);
			name = InfoPlist.strings;
			sourceTree = "<group>";
		};
		84E942B318854C5E00BFACED /* Localizable.strings */ = {
			isa = PBXVariantGroup;
			children = (
				84E942B418854C5E00BFACED /* ru */,
			);
			name = Localizable.strings;
			sourceTree = "<group>";
		};
		84E942B618854C7700BFACED /* Localizable.strings */ = {
			isa = PBXVariantGroup;
			children = (
				84E942B718854C7700BFACED /* en */,
			);
			name = Localizable.strings;
			sourceTree = "<group>";
		};
/* End PBXVariantGroup section */

/* Begin XCBuildConfiguration section */
		84E94291188536D500BFACED /* Debug */ = {
			isa = XCBuildConfiguration;
			buildSettings = {
				ALWAYS_SEARCH_USER_PATHS = NO;
				ARCHS = "$(ARCHS_STANDARD_INCLUDING_64_BIT)";
				CLANG_CXX_LANGUAGE_STANDARD = "gnu++0x";
				CLANG_CXX_LIBRARY = "libc++";
				CLANG_ENABLE_MODULES = YES;
				CLANG_ENABLE_OBJC_ARC = YES;
				CLANG_WARN_BOOL_CONVERSION = YES;
				CLANG_WARN_CONSTANT_CONVERSION = YES;
				CLANG_WARN_DIRECT_OBJC_ISA_USAGE = YES_ERROR;
				CLANG_WARN_EMPTY_BODY = YES;
				CLANG_WARN_ENUM_CONVERSION = YES;
				CLANG_WARN_INT_CONVERSION = YES;
				CLANG_WARN_OBJC_ROOT_CLASS = YES_ERROR;
				CLANG_WARN__DUPLICATE_METHOD_MATCH = YES;
				"CODE_SIGN_IDENTITY[sdk=iphoneos*]" = "iPhone Developer";
				COPY_PHASE_STRIP = NO;
				GCC_C_LANGUAGE_STANDARD = gnu99;
				GCC_DYNAMIC_NO_PIC = NO;
				GCC_OPTIMIZATION_LEVEL = 0;
				GCC_PREPROCESSOR_DEFINITIONS = (
					"DEBUG=1",
					"$(inherited)",
				);
				GCC_SYMBOLS_PRIVATE_EXTERN = NO;
				GCC_WARN_64_TO_32_BIT_CONVERSION = YES;
				GCC_WARN_ABOUT_RETURN_TYPE = YES_ERROR;
				GCC_WARN_UNDECLARED_SELECTOR = YES;
				GCC_WARN_UNINITIALIZED_AUTOS = YES;
				GCC_WARN_UNUSED_FUNCTION = YES;
				GCC_WARN_UNUSED_VARIABLE = YES;
				IPHONEOS_DEPLOYMENT_TARGET = 7.0;
				ONLY_ACTIVE_ARCH = YES;
				SDKROOT = iphoneos;
			};
			name = Debug;
		};
		84E94292188536D500BFACED /* Release */ = {
			isa = XCBuildConfiguration;
			buildSettings = {
				ALWAYS_SEARCH_USER_PATHS = NO;
				ARCHS = "$(ARCHS_STANDARD_INCLUDING_64_BIT)";
				CLANG_CXX_LANGUAGE_STANDARD = "gnu++0x";
				CLANG_CXX_LIBRARY = "libc++";
				CLANG_ENABLE_MODULES = YES;
				CLANG_ENABLE_OBJC_ARC = YES;
				CLANG_WARN_BOOL_CONVERSION = YES;
				CLANG_WARN_CONSTANT_CONVERSION = YES;
				CLANG_WARN_DIRECT_OBJC_ISA_USAGE = YES_ERROR;
				CLANG_WARN_EMPTY_BODY = YES;
				CLANG_WARN_ENUM_CONVERSION = YES;
				CLANG_WARN_INT_CONVERSION = YES;
				CLANG_WARN_OBJC_ROOT_CLASS = YES_ERROR;
				CLANG_WARN__DUPLICATE_METHOD_MATCH = YES;
				"CODE_SIGN_IDENTITY[sdk=iphoneos*]" = "iPhone Developer";
				COPY_PHASE_STRIP = YES;
				ENABLE_NS_ASSERTIONS = NO;
				GCC_C_LANGUAGE_STANDARD = gnu99;
				GCC_WARN_64_TO_32_BIT_CONVERSION = YES;
				GCC_WARN_ABOUT_RETURN_TYPE = YES_ERROR;
				GCC_WARN_UNDECLARED_SELECTOR = YES;
				GCC_WARN_UNINITIALIZED_AUTOS = YES;
				GCC_WARN_UNUSED_FUNCTION = YES;
				GCC_WARN_UNUSED_VARIABLE = YES;
				IPHONEOS_DEPLOYMENT_TARGET = 7.0;
				SDKROOT = iphoneos;
				VALIDATE_PRODUCT = YES;
			};
			name = Release;
		};
		84E94294188536D500BFACED /* Debug */ = {
			isa = XCBuildConfiguration;
			buildSettings = {
				ASSETCATALOG_COMPILER_APPICON_NAME = AppIcon;
				ASSETCATALOG_COMPILER_LAUNCHIMAGE_NAME = LaunchImage;
				GCC_PRECOMPILE_PREFIX_HEADER = YES;
				GCC_PREFIX_HEADER = "wheely-test/wheely-test-Prefix.pch";
				INFOPLIST_FILE = "wheely-test/wheely-test-Info.plist";
				PRODUCT_NAME = "$(TARGET_NAME)";
				WRAPPER_EXTENSION = app;
			};
			name = Debug;
		};
		84E94295188536D500BFACED /* Release */ = {
			isa = XCBuildConfiguration;
			buildSettings = {
				ASSETCATALOG_COMPILER_APPICON_NAME = AppIcon;
				ASSETCATALOG_COMPILER_LAUNCHIMAGE_NAME = LaunchImage;
				GCC_PRECOMPILE_PREFIX_HEADER = YES;
				GCC_PREFIX_HEADER = "wheely-test/wheely-test-Prefix.pch";
				INFOPLIST_FILE = "wheely-test/wheely-test-Info.plist";
				PRODUCT_NAME = "$(TARGET_NAME)";
				WRAPPER_EXTENSION = app;
			};
			name = Release;
		};
		84E94297188536D500BFACED /* Debug */ = {
			isa = XCBuildConfiguration;
			buildSettings = {
				ARCHS = "$(ARCHS_STANDARD_INCLUDING_64_BIT)";
				BUNDLE_LOADER = "$(BUILT_PRODUCTS_DIR)/wheely-test.app/wheely-test";
				FRAMEWORK_SEARCH_PATHS = (
					"$(SDKROOT)/Developer/Library/Frameworks",
					"$(inherited)",
					"$(DEVELOPER_FRAMEWORKS_DIR)",
				);
				GCC_PRECOMPILE_PREFIX_HEADER = YES;
				GCC_PREFIX_HEADER = "wheely-test/wheely-test-Prefix.pch";
				GCC_PREPROCESSOR_DEFINITIONS = (
					"DEBUG=1",
					"$(inherited)",
				);
				INFOPLIST_FILE = "wheely-testTests/wheely-testTests-Info.plist";
				PRODUCT_NAME = "$(TARGET_NAME)";
				TEST_HOST = "$(BUNDLE_LOADER)";
				WRAPPER_EXTENSION = xctest;
			};
			name = Debug;
		};
		84E94298188536D500BFACED /* Release */ = {
			isa = XCBuildConfiguration;
			buildSettings = {
				ARCHS = "$(ARCHS_STANDARD_INCLUDING_64_BIT)";
				BUNDLE_LOADER = "$(BUILT_PRODUCTS_DIR)/wheely-test.app/wheely-test";
				FRAMEWORK_SEARCH_PATHS = (
					"$(SDKROOT)/Developer/Library/Frameworks",
					"$(inherited)",
					"$(DEVELOPER_FRAMEWORKS_DIR)",
				);
				GCC_PRECOMPILE_PREFIX_HEADER = YES;
				GCC_PREFIX_HEADER = "wheely-test/wheely-test-Prefix.pch";
				INFOPLIST_FILE = "wheely-testTests/wheely-testTests-Info.plist";
				PRODUCT_NAME = "$(TARGET_NAME)";
				TEST_HOST = "$(BUNDLE_LOADER)";
				WRAPPER_EXTENSION = xctest;
			};
			name = Release;
		};
/* End XCBuildConfiguration section */

/* Begin XCConfigurationList section */
		84E94259188536D500BFACED /* Build configuration list for PBXProject "wheely-test" */ = {
			isa = XCConfigurationList;
			buildConfigurations = (
				84E94291188536D500BFACED /* Debug */,
				84E94292188536D500BFACED /* Release */,
			);
			defaultConfigurationIsVisible = 0;
			defaultConfigurationName = Release;
		};
		84E94293188536D500BFACED /* Build configuration list for PBXNativeTarget "wheely-test" */ = {
			isa = XCConfigurationList;
			buildConfigurations = (
				84E94294188536D500BFACED /* Debug */,
				84E94295188536D500BFACED /* Release */,
			);
			defaultConfigurationIsVisible = 0;
		};
		84E94296188536D500BFACED /* Build configuration list for PBXNativeTarget "wheely-testTests" */ = {
			isa = XCConfigurationList;
			buildConfigurations = (
				84E94297188536D500BFACED /* Debug */,
				84E94298188536D500BFACED /* Release */,
			);
			defaultConfigurationIsVisible = 0;
		};
/* End XCConfigurationList section */
	};
	rootObject = 84E94256188536D500BFACED /* Project object */;
}
